// !$*UTF8*$!
{
	archiveVersion = 1;
	classes = {
	};
	objectVersion = 56;
	objects = {

/* Begin PBXBuildFile section */
		142AB1202AF71B5C00E25BFC /* CleanseApp.swift in Sources */ = {isa = PBXBuildFile; fileRef = 142AB11F2AF71B5C00E25BFC /* CleanseApp.swift */; };
		142AB1222AF71B5C00E25BFC /* ContentView.swift in Sources */ = {isa = PBXBuildFile; fileRef = 142AB1212AF71B5C00E25BFC /* ContentView.swift */; };
		142AB1262AF71B6000E25BFC /* Assets.xcassets in Resources */ = {isa = PBXBuildFile; fileRef = 142AB1252AF71B6000E25BFC /* Assets.xcassets */; };
		142AB1292AF71B6000E25BFC /* Preview Assets.xcassets in Resources */ = {isa = PBXBuildFile; fileRef = 142AB1282AF71B6000E25BFC /* Preview Assets.xcassets */; };
		142AB1332AF71B6000E25BFC /* CleanseTests.swift in Sources */ = {isa = PBXBuildFile; fileRef = 142AB1322AF71B6000E25BFC /* CleanseTests.swift */; };
		142AB13D2AF71B6000E25BFC /* CleanseUITests.swift in Sources */ = {isa = PBXBuildFile; fileRef = 142AB13C2AF71B6000E25BFC /* CleanseUITests.swift */; };
		142AB13F2AF71B6000E25BFC /* CleanseUITestsLaunchTests.swift in Sources */ = {isa = PBXBuildFile; fileRef = 142AB13E2AF71B6000E25BFC /* CleanseUITestsLaunchTests.swift */; };
		143482842AFF3DFF008890F2 /* Constants.swift in Sources */ = {isa = PBXBuildFile; fileRef = 143482832AFF3DFF008890F2 /* Constants.swift */; };
		143482872AFF3E8B008890F2 /* Supabase in Frameworks */ = {isa = PBXBuildFile; productRef = 143482862AFF3E8B008890F2 /* Supabase */; };
		144DBB1D2B02E28A00592C49 /* WelcomeView.swift in Sources */ = {isa = PBXBuildFile; fileRef = 144DBB1C2B02E28A00592C49 /* WelcomeView.swift */; };
		144DBB1F2B02E9FB00592C49 /* SignInView.swift in Sources */ = {isa = PBXBuildFile; fileRef = 144DBB1E2B02E9FB00592C49 /* SignInView.swift */; };
		144DBB212B02EA0900592C49 /* SignUpView.swift in Sources */ = {isa = PBXBuildFile; fileRef = 144DBB202B02EA0900592C49 /* SignUpView.swift */; };
		144DBB232B0940D100592C49 /* Supabase.swift in Sources */ = {isa = PBXBuildFile; fileRef = 144DBB222B0940D100592C49 /* Supabase.swift */; };
/* End PBXBuildFile section */

/* Begin PBXContainerItemProxy section */
		142AB12F2AF71B6000E25BFC /* PBXContainerItemProxy */ = {
			isa = PBXContainerItemProxy;
			containerPortal = 142AB1142AF71B5C00E25BFC /* Project object */;
			proxyType = 1;
			remoteGlobalIDString = 142AB11B2AF71B5C00E25BFC;
			remoteInfo = Cleanse;
		};
		142AB1392AF71B6000E25BFC /* PBXContainerItemProxy */ = {
			isa = PBXContainerItemProxy;
			containerPortal = 142AB1142AF71B5C00E25BFC /* Project object */;
			proxyType = 1;
			remoteGlobalIDString = 142AB11B2AF71B5C00E25BFC;
			remoteInfo = Cleanse;
		};
/* End PBXContainerItemProxy section */

/* Begin PBXFileReference section */
		142AB11C2AF71B5C00E25BFC /* Cleanse.app */ = {isa = PBXFileReference; explicitFileType = wrapper.application; includeInIndex = 0; path = Cleanse.app; sourceTree = BUILT_PRODUCTS_DIR; };
		142AB11F2AF71B5C00E25BFC /* CleanseApp.swift */ = {isa = PBXFileReference; lastKnownFileType = sourcecode.swift; path = CleanseApp.swift; sourceTree = "<group>"; };
		142AB1212AF71B5C00E25BFC /* ContentView.swift */ = {isa = PBXFileReference; lastKnownFileType = sourcecode.swift; path = ContentView.swift; sourceTree = "<group>"; };
		142AB1252AF71B6000E25BFC /* Assets.xcassets */ = {isa = PBXFileReference; lastKnownFileType = folder.assetcatalog; path = Assets.xcassets; sourceTree = "<group>"; };
		142AB1282AF71B6000E25BFC /* Preview Assets.xcassets */ = {isa = PBXFileReference; lastKnownFileType = folder.assetcatalog; path = "Preview Assets.xcassets"; sourceTree = "<group>"; };
		142AB12E2AF71B6000E25BFC /* CleanseTests.xctest */ = {isa = PBXFileReference; explicitFileType = wrapper.cfbundle; includeInIndex = 0; path = CleanseTests.xctest; sourceTree = BUILT_PRODUCTS_DIR; };
		142AB1322AF71B6000E25BFC /* CleanseTests.swift */ = {isa = PBXFileReference; lastKnownFileType = sourcecode.swift; path = CleanseTests.swift; sourceTree = "<group>"; };
		142AB1382AF71B6000E25BFC /* CleanseUITests.xctest */ = {isa = PBXFileReference; explicitFileType = wrapper.cfbundle; includeInIndex = 0; path = CleanseUITests.xctest; sourceTree = BUILT_PRODUCTS_DIR; };
		142AB13C2AF71B6000E25BFC /* CleanseUITests.swift */ = {isa = PBXFileReference; lastKnownFileType = sourcecode.swift; path = CleanseUITests.swift; sourceTree = "<group>"; };
		142AB13E2AF71B6000E25BFC /* CleanseUITestsLaunchTests.swift */ = {isa = PBXFileReference; lastKnownFileType = sourcecode.swift; path = CleanseUITestsLaunchTests.swift; sourceTree = "<group>"; };
		143482832AFF3DFF008890F2 /* Constants.swift */ = {isa = PBXFileReference; lastKnownFileType = sourcecode.swift; path = Constants.swift; sourceTree = "<group>"; };
		144DBB1C2B02E28A00592C49 /* WelcomeView.swift */ = {isa = PBXFileReference; lastKnownFileType = sourcecode.swift; path = WelcomeView.swift; sourceTree = "<group>"; };
		144DBB1E2B02E9FB00592C49 /* SignInView.swift */ = {isa = PBXFileReference; lastKnownFileType = sourcecode.swift; path = SignInView.swift; sourceTree = "<group>"; };
		144DBB202B02EA0900592C49 /* SignUpView.swift */ = {isa = PBXFileReference; lastKnownFileType = sourcecode.swift; path = SignUpView.swift; sourceTree = "<group>"; };
		144DBB222B0940D100592C49 /* Supabase.swift */ = {isa = PBXFileReference; lastKnownFileType = sourcecode.swift; path = Supabase.swift; sourceTree = "<group>"; };
/* End PBXFileReference section */

/* Begin PBXFrameworksBuildPhase section */
		142AB1192AF71B5C00E25BFC /* Frameworks */ = {
			isa = PBXFrameworksBuildPhase;
			buildActionMask = 2147483647;
			files = (
				143482872AFF3E8B008890F2 /* Supabase in Frameworks */,
			);
			runOnlyForDeploymentPostprocessing = 0;
		};
		142AB12B2AF71B6000E25BFC /* Frameworks */ = {
			isa = PBXFrameworksBuildPhase;
			buildActionMask = 2147483647;
			files = (
			);
			runOnlyForDeploymentPostprocessing = 0;
		};
		142AB1352AF71B6000E25BFC /* Frameworks */ = {
			isa = PBXFrameworksBuildPhase;
			buildActionMask = 2147483647;
			files = (
			);
			runOnlyForDeploymentPostprocessing = 0;
		};
/* End PBXFrameworksBuildPhase section */

/* Begin PBXGroup section */
		142AB1132AF71B5C00E25BFC = {
			isa = PBXGroup;
			children = (
				142AB11E2AF71B5C00E25BFC /* Cleanse */,
				142AB1312AF71B6000E25BFC /* CleanseTests */,
				142AB13B2AF71B6000E25BFC /* CleanseUITests */,
				142AB11D2AF71B5C00E25BFC /* Products */,
			);
			sourceTree = "<group>";
		};
		142AB11D2AF71B5C00E25BFC /* Products */ = {
			isa = PBXGroup;
			children = (
				142AB11C2AF71B5C00E25BFC /* Cleanse.app */,
				142AB12E2AF71B6000E25BFC /* CleanseTests.xctest */,
				142AB1382AF71B6000E25BFC /* CleanseUITests.xctest */,
			);
			name = Products;
			sourceTree = "<group>";
		};
		142AB11E2AF71B5C00E25BFC /* Cleanse */ = {
			isa = PBXGroup;
			children = (
				142AB11F2AF71B5C00E25BFC /* CleanseApp.swift */,
				142AB1212AF71B5C00E25BFC /* ContentView.swift */,
				143482832AFF3DFF008890F2 /* Constants.swift */,
				144DBB222B0940D100592C49 /* Supabase.swift */,
				144DBB1A2B02DBA900592C49 /* Intro */,
				144DBB1B2B02DBBE00592C49 /* Home */,
				142AB1252AF71B6000E25BFC /* Assets.xcassets */,
				142AB1272AF71B6000E25BFC /* Preview Content */,
			);
			path = Cleanse;
			sourceTree = "<group>";
		};
		142AB1272AF71B6000E25BFC /* Preview Content */ = {
			isa = PBXGroup;
			children = (
				142AB1282AF71B6000E25BFC /* Preview Assets.xcassets */,
			);
			path = "Preview Content";
			sourceTree = "<group>";
		};
		142AB1312AF71B6000E25BFC /* CleanseTests */ = {
			isa = PBXGroup;
			children = (
				142AB1322AF71B6000E25BFC /* CleanseTests.swift */,
			);
			path = CleanseTests;
			sourceTree = "<group>";
		};
		142AB13B2AF71B6000E25BFC /* CleanseUITests */ = {
			isa = PBXGroup;
			children = (
				142AB13C2AF71B6000E25BFC /* CleanseUITests.swift */,
				142AB13E2AF71B6000E25BFC /* CleanseUITestsLaunchTests.swift */,
			);
			path = CleanseUITests;
			sourceTree = "<group>";
		};
		144DBB1A2B02DBA900592C49 /* Intro */ = {
			isa = PBXGroup;
			children = (
				144DBB1C2B02E28A00592C49 /* WelcomeView.swift */,
				144DBB202B02EA0900592C49 /* SignUpView.swift */,
				144DBB1E2B02E9FB00592C49 /* SignInView.swift */,
			);
			path = Intro;
			sourceTree = "<group>";
		};
		144DBB1B2B02DBBE00592C49 /* Home */ = {
			isa = PBXGroup;
			children = (
			);
			path = Home;
			sourceTree = "<group>";
		};
/* End PBXGroup section */

/* Begin PBXNativeTarget section */
		142AB11B2AF71B5C00E25BFC /* Cleanse */ = {
			isa = PBXNativeTarget;
			buildConfigurationList = 142AB1422AF71B6000E25BFC /* Build configuration list for PBXNativeTarget "Cleanse" */;
			buildPhases = (
				142AB1182AF71B5C00E25BFC /* Sources */,
				142AB1192AF71B5C00E25BFC /* Frameworks */,
				142AB11A2AF71B5C00E25BFC /* Resources */,
			);
			buildRules = (
			);
			dependencies = (
			);
			name = Cleanse;
			packageProductDependencies = (
				143482862AFF3E8B008890F2 /* Supabase */,
			);
			productName = Cleanse;
			productReference = 142AB11C2AF71B5C00E25BFC /* Cleanse.app */;
			productType = "com.apple.product-type.application";
		};
		142AB12D2AF71B6000E25BFC /* CleanseTests */ = {
			isa = PBXNativeTarget;
			buildConfigurationList = 142AB1452AF71B6000E25BFC /* Build configuration list for PBXNativeTarget "CleanseTests" */;
			buildPhases = (
				142AB12A2AF71B6000E25BFC /* Sources */,
				142AB12B2AF71B6000E25BFC /* Frameworks */,
				142AB12C2AF71B6000E25BFC /* Resources */,
			);
			buildRules = (
			);
			dependencies = (
				142AB1302AF71B6000E25BFC /* PBXTargetDependency */,
			);
			name = CleanseTests;
			productName = CleanseTests;
			productReference = 142AB12E2AF71B6000E25BFC /* CleanseTests.xctest */;
			productType = "com.apple.product-type.bundle.unit-test";
		};
		142AB1372AF71B6000E25BFC /* CleanseUITests */ = {
			isa = PBXNativeTarget;
			buildConfigurationList = 142AB1482AF71B6000E25BFC /* Build configuration list for PBXNativeTarget "CleanseUITests" */;
			buildPhases = (
				142AB1342AF71B6000E25BFC /* Sources */,
				142AB1352AF71B6000E25BFC /* Frameworks */,
				142AB1362AF71B6000E25BFC /* Resources */,
			);
			buildRules = (
			);
			dependencies = (
				142AB13A2AF71B6000E25BFC /* PBXTargetDependency */,
			);
			name = CleanseUITests;
			productName = CleanseUITests;
			productReference = 142AB1382AF71B6000E25BFC /* CleanseUITests.xctest */;
			productType = "com.apple.product-type.bundle.ui-testing";
		};
/* End PBXNativeTarget section */

/* Begin PBXProject section */
		142AB1142AF71B5C00E25BFC /* Project object */ = {
			isa = PBXProject;
			attributes = {
				BuildIndependentTargetsInParallel = 1;
				LastSwiftUpdateCheck = 1500;
				LastUpgradeCheck = 1500;
				TargetAttributes = {
					142AB11B2AF71B5C00E25BFC = {
						CreatedOnToolsVersion = 15.0.1;
					};
					142AB12D2AF71B6000E25BFC = {
						CreatedOnToolsVersion = 15.0.1;
						TestTargetID = 142AB11B2AF71B5C00E25BFC;
					};
					142AB1372AF71B6000E25BFC = {
						CreatedOnToolsVersion = 15.0.1;
						TestTargetID = 142AB11B2AF71B5C00E25BFC;
					};
				};
			};
			buildConfigurationList = 142AB1172AF71B5C00E25BFC /* Build configuration list for PBXProject "Cleanse" */;
			compatibilityVersion = "Xcode 14.0";
			developmentRegion = en;
			hasScannedForEncodings = 0;
			knownRegions = (
				en,
				Base,
			);
			mainGroup = 142AB1132AF71B5C00E25BFC;
			packageReferences = (
				143482852AFF3E8B008890F2 /* XCRemoteSwiftPackageReference "supabase-swift" */,
			);
			productRefGroup = 142AB11D2AF71B5C00E25BFC /* Products */;
			projectDirPath = "";
			projectRoot = "";
			targets = (
				142AB11B2AF71B5C00E25BFC /* Cleanse */,
				142AB12D2AF71B6000E25BFC /* CleanseTests */,
				142AB1372AF71B6000E25BFC /* CleanseUITests */,
			);
		};
/* End PBXProject section */

/* Begin PBXResourcesBuildPhase section */
		142AB11A2AF71B5C00E25BFC /* Resources */ = {
			isa = PBXResourcesBuildPhase;
			buildActionMask = 2147483647;
			files = (
				142AB1292AF71B6000E25BFC /* Preview Assets.xcassets in Resources */,
				142AB1262AF71B6000E25BFC /* Assets.xcassets in Resources */,
			);
			runOnlyForDeploymentPostprocessing = 0;
		};
		142AB12C2AF71B6000E25BFC /* Resources */ = {
			isa = PBXResourcesBuildPhase;
			buildActionMask = 2147483647;
			files = (
			);
			runOnlyForDeploymentPostprocessing = 0;
		};
		142AB1362AF71B6000E25BFC /* Resources */ = {
			isa = PBXResourcesBuildPhase;
			buildActionMask = 2147483647;
			files = (
			);
			runOnlyForDeploymentPostprocessing = 0;
		};
/* End PBXResourcesBuildPhase section */

/* Begin PBXSourcesBuildPhase section */
		142AB1182AF71B5C00E25BFC /* Sources */ = {
			isa = PBXSourcesBuildPhase;
			buildActionMask = 2147483647;
			files = (
				144DBB232B0940D100592C49 /* Supabase.swift in Sources */,
				144DBB1D2B02E28A00592C49 /* WelcomeView.swift in Sources */,
				142AB1222AF71B5C00E25BFC /* ContentView.swift in Sources */,
				142AB1202AF71B5C00E25BFC /* CleanseApp.swift in Sources */,
				143482842AFF3DFF008890F2 /* Constants.swift in Sources */,
				144DBB212B02EA0900592C49 /* SignUpView.swift in Sources */,
				144DBB1F2B02E9FB00592C49 /* SignInView.swift in Sources */,
			);
			runOnlyForDeploymentPostprocessing = 0;
		};
		142AB12A2AF71B6000E25BFC /* Sources */ = {
			isa = PBXSourcesBuildPhase;
			buildActionMask = 2147483647;
			files = (
				142AB1332AF71B6000E25BFC /* CleanseTests.swift in Sources */,
			);
			runOnlyForDeploymentPostprocessing = 0;
		};
		142AB1342AF71B6000E25BFC /* Sources */ = {
			isa = PBXSourcesBuildPhase;
			buildActionMask = 2147483647;
			files = (
				142AB13F2AF71B6000E25BFC /* CleanseUITestsLaunchTests.swift in Sources */,
				142AB13D2AF71B6000E25BFC /* CleanseUITests.swift in Sources */,
			);
			runOnlyForDeploymentPostprocessing = 0;
		};
/* End PBXSourcesBuildPhase section */

/* Begin PBXTargetDependency section */
		142AB1302AF71B6000E25BFC /* PBXTargetDependency */ = {
			isa = PBXTargetDependency;
			target = 142AB11B2AF71B5C00E25BFC /* Cleanse */;
			targetProxy = 142AB12F2AF71B6000E25BFC /* PBXContainerItemProxy */;
		};
		142AB13A2AF71B6000E25BFC /* PBXTargetDependency */ = {
			isa = PBXTargetDependency;
			target = 142AB11B2AF71B5C00E25BFC /* Cleanse */;
			targetProxy = 142AB1392AF71B6000E25BFC /* PBXContainerItemProxy */;
		};
/* End PBXTargetDependency section */

/* Begin XCBuildConfiguration section */
		142AB1402AF71B6000E25BFC /* Debug */ = {
			isa = XCBuildConfiguration;
			buildSettings = {
				ALWAYS_SEARCH_USER_PATHS = NO;
				ASSETCATALOG_COMPILER_GENERATE_SWIFT_ASSET_SYMBOL_EXTENSIONS = YES;
				CLANG_ANALYZER_NONNULL = YES;
				CLANG_ANALYZER_NUMBER_OBJECT_CONVERSION = YES_AGGRESSIVE;
				CLANG_CXX_LANGUAGE_STANDARD = "gnu++20";
				CLANG_ENABLE_MODULES = YES;
				CLANG_ENABLE_OBJC_ARC = YES;
				CLANG_ENABLE_OBJC_WEAK = YES;
				CLANG_WARN_BLOCK_CAPTURE_AUTORELEASING = YES;
				CLANG_WARN_BOOL_CONVERSION = YES;
				CLANG_WARN_COMMA = YES;
				CLANG_WARN_CONSTANT_CONVERSION = YES;
				CLANG_WARN_DEPRECATED_OBJC_IMPLEMENTATIONS = YES;
				CLANG_WARN_DIRECT_OBJC_ISA_USAGE = YES_ERROR;
				CLANG_WARN_DOCUMENTATION_COMMENTS = YES;
				CLANG_WARN_EMPTY_BODY = YES;
				CLANG_WARN_ENUM_CONVERSION = YES;
				CLANG_WARN_INFINITE_RECURSION = YES;
				CLANG_WARN_INT_CONVERSION = YES;
				CLANG_WARN_NON_LITERAL_NULL_CONVERSION = YES;
				CLANG_WARN_OBJC_IMPLICIT_RETAIN_SELF = YES;
				CLANG_WARN_OBJC_LITERAL_CONVERSION = YES;
				CLANG_WARN_OBJC_ROOT_CLASS = YES_ERROR;
				CLANG_WARN_QUOTED_INCLUDE_IN_FRAMEWORK_HEADER = YES;
				CLANG_WARN_RANGE_LOOP_ANALYSIS = YES;
				CLANG_WARN_STRICT_PROTOTYPES = YES;
				CLANG_WARN_SUSPICIOUS_MOVE = YES;
				CLANG_WARN_UNGUARDED_AVAILABILITY = YES_AGGRESSIVE;
				CLANG_WARN_UNREACHABLE_CODE = YES;
				CLANG_WARN__DUPLICATE_METHOD_MATCH = YES;
				COPY_PHASE_STRIP = NO;
				DEBUG_INFORMATION_FORMAT = dwarf;
				ENABLE_STRICT_OBJC_MSGSEND = YES;
				ENABLE_TESTABILITY = YES;
				ENABLE_USER_SCRIPT_SANDBOXING = YES;
				GCC_C_LANGUAGE_STANDARD = gnu17;
				GCC_DYNAMIC_NO_PIC = NO;
				GCC_NO_COMMON_BLOCKS = YES;
				GCC_OPTIMIZATION_LEVEL = 0;
				GCC_PREPROCESSOR_DEFINITIONS = (
					"DEBUG=1",
					"$(inherited)",
				);
				GCC_WARN_64_TO_32_BIT_CONVERSION = YES;
				GCC_WARN_ABOUT_RETURN_TYPE = YES_ERROR;
				GCC_WARN_UNDECLARED_SELECTOR = YES;
				GCC_WARN_UNINITIALIZED_AUTOS = YES_AGGRESSIVE;
				GCC_WARN_UNUSED_FUNCTION = YES;
				GCC_WARN_UNUSED_VARIABLE = YES;
				GENERATE_PKGINFO_FILE = YES;
				IPHONEOS_DEPLOYMENT_TARGET = 17.0;
				LOCALIZATION_PREFERS_STRING_CATALOGS = YES;
				MTL_ENABLE_DEBUG_INFO = INCLUDE_SOURCE;
				MTL_FAST_MATH = YES;
				ONLY_ACTIVE_ARCH = YES;
				SDKROOT = iphoneos;
				SWIFT_ACTIVE_COMPILATION_CONDITIONS = "DEBUG $(inherited)";
				SWIFT_OPTIMIZATION_LEVEL = "-Onone";
			};
			name = Debug;
		};
		142AB1412AF71B6000E25BFC /* Release */ = {
			isa = XCBuildConfiguration;
			buildSettings = {
				ALWAYS_SEARCH_USER_PATHS = NO;
				ASSETCATALOG_COMPILER_GENERATE_SWIFT_ASSET_SYMBOL_EXTENSIONS = YES;
				CLANG_ANALYZER_NONNULL = YES;
				CLANG_ANALYZER_NUMBER_OBJECT_CONVERSION = YES_AGGRESSIVE;
				CLANG_CXX_LANGUAGE_STANDARD = "gnu++20";
				CLANG_ENABLE_MODULES = YES;
				CLANG_ENABLE_OBJC_ARC = YES;
				CLANG_ENABLE_OBJC_WEAK = YES;
				CLANG_WARN_BLOCK_CAPTURE_AUTORELEASING = YES;
				CLANG_WARN_BOOL_CONVERSION = YES;
				CLANG_WARN_COMMA = YES;
				CLANG_WARN_CONSTANT_CONVERSION = YES;
				CLANG_WARN_DEPRECATED_OBJC_IMPLEMENTATIONS = YES;
				CLANG_WARN_DIRECT_OBJC_ISA_USAGE = YES_ERROR;
				CLANG_WARN_DOCUMENTATION_COMMENTS = YES;
				CLANG_WARN_EMPTY_BODY = YES;
				CLANG_WARN_ENUM_CONVERSION = YES;
				CLANG_WARN_INFINITE_RECURSION = YES;
				CLANG_WARN_INT_CONVERSION = YES;
				CLANG_WARN_NON_LITERAL_NULL_CONVERSION = YES;
				CLANG_WARN_OBJC_IMPLICIT_RETAIN_SELF = YES;
				CLANG_WARN_OBJC_LITERAL_CONVERSION = YES;
				CLANG_WARN_OBJC_ROOT_CLASS = YES_ERROR;
				CLANG_WARN_QUOTED_INCLUDE_IN_FRAMEWORK_HEADER = YES;
				CLANG_WARN_RANGE_LOOP_ANALYSIS = YES;
				CLANG_WARN_STRICT_PROTOTYPES = YES;
				CLANG_WARN_SUSPICIOUS_MOVE = YES;
				CLANG_WARN_UNGUARDED_AVAILABILITY = YES_AGGRESSIVE;
				CLANG_WARN_UNREACHABLE_CODE = YES;
				CLANG_WARN__DUPLICATE_METHOD_MATCH = YES;
				COPY_PHASE_STRIP = NO;
				DEBUG_INFORMATION_FORMAT = "dwarf-with-dsym";
				ENABLE_NS_ASSERTIONS = NO;
				ENABLE_STRICT_OBJC_MSGSEND = YES;
				ENABLE_USER_SCRIPT_SANDBOXING = YES;
				GCC_C_LANGUAGE_STANDARD = gnu17;
				GCC_NO_COMMON_BLOCKS = YES;
				GCC_WARN_64_TO_32_BIT_CONVERSION = YES;
				GCC_WARN_ABOUT_RETURN_TYPE = YES_ERROR;
				GCC_WARN_UNDECLARED_SELECTOR = YES;
				GCC_WARN_UNINITIALIZED_AUTOS = YES_AGGRESSIVE;
				GCC_WARN_UNUSED_FUNCTION = YES;
				GCC_WARN_UNUSED_VARIABLE = YES;
				GENERATE_PKGINFO_FILE = YES;
				IPHONEOS_DEPLOYMENT_TARGET = 17.0;
				LOCALIZATION_PREFERS_STRING_CATALOGS = YES;
				MTL_ENABLE_DEBUG_INFO = NO;
				MTL_FAST_MATH = YES;
				SDKROOT = iphoneos;
				SWIFT_COMPILATION_MODE = wholemodule;
				VALIDATE_PRODUCT = YES;
			};
			name = Release;
		};
		142AB1432AF71B6000E25BFC /* Debug */ = {
			isa = XCBuildConfiguration;
			buildSettings = {
				ASSETCATALOG_COMPILER_APPICON_NAME = AppIcon;
				ASSETCATALOG_COMPILER_GLOBAL_ACCENT_COLOR_NAME = AccentColor;
				CODE_SIGN_IDENTITY = "Apple Development";
				CODE_SIGN_STYLE = Manual;
				CURRENT_PROJECT_VERSION = 1;
				DEVELOPMENT_ASSET_PATHS = "\"Cleanse/Preview Content\"";
				DEVELOPMENT_TEAM = "";
				ENABLE_PREVIEWS = YES;
				GENERATE_INFOPLIST_FILE = YES;
				INFOPLIST_KEY_LSApplicationCategoryType = "public.app-category.lifestyle";
				INFOPLIST_KEY_UIApplicationSceneManifest_Generation = YES;
				INFOPLIST_KEY_UIApplicationSupportsIndirectInputEvents = YES;
				INFOPLIST_KEY_UILaunchScreen_Generation = YES;
				INFOPLIST_KEY_UISupportedInterfaceOrientations = UIInterfaceOrientationPortrait;
				INFOPLIST_KEY_UISupportedInterfaceOrientations_iPad = "UIInterfaceOrientationLandscapeLeft UIInterfaceOrientationLandscapeRight UIInterfaceOrientationPortrait UIInterfaceOrientationPortraitUpsideDown";
				IPHONEOS_DEPLOYMENT_TARGET = 16.0;
				LD_RUNPATH_SEARCH_PATHS = (
					"$(inherited)",
					"@executable_path/Frameworks",
				);
				MARKETING_VERSION = 1.0;
				PRODUCT_BUNDLE_IDENTIFIER = com.latte.Cleanse;
				PRODUCT_NAME = "$(TARGET_NAME)";
				PROVISIONING_PROFILE_SPECIFIER = "";
				SUPPORTED_PLATFORMS = "iphoneos iphonesimulator";
				SUPPORTS_MACCATALYST = NO;
				SWIFT_EMIT_LOC_STRINGS = YES;
				SWIFT_VERSION = 5.0;
				TARGETED_DEVICE_FAMILY = 1;
			};
			name = Debug;
		};
		142AB1442AF71B6000E25BFC /* Release */ = {
			isa = XCBuildConfiguration;
			buildSettings = {
				ASSETCATALOG_COMPILER_APPICON_NAME = AppIcon;
				ASSETCATALOG_COMPILER_GLOBAL_ACCENT_COLOR_NAME = AccentColor;
				CODE_SIGN_IDENTITY = "Apple Development";
				CODE_SIGN_STYLE = Manual;
				CURRENT_PROJECT_VERSION = 1;
				DEVELOPMENT_ASSET_PATHS = "\"Cleanse/Preview Content\"";
				DEVELOPMENT_TEAM = "";
				ENABLE_PREVIEWS = YES;
				GENERATE_INFOPLIST_FILE = YES;
				INFOPLIST_KEY_LSApplicationCategoryType = "public.app-category.lifestyle";
				INFOPLIST_KEY_UIApplicationSceneManifest_Generation = YES;
				INFOPLIST_KEY_UIApplicationSupportsIndirectInputEvents = YES;
				INFOPLIST_KEY_UILaunchScreen_Generation = YES;
				INFOPLIST_KEY_UISupportedInterfaceOrientations = UIInterfaceOrientationPortrait;
				INFOPLIST_KEY_UISupportedInterfaceOrientations_iPad = "UIInterfaceOrientationLandscapeLeft UIInterfaceOrientationLandscapeRight UIInterfaceOrientationPortrait UIInterfaceOrientationPortraitUpsideDown";
				IPHONEOS_DEPLOYMENT_TARGET = 16.0;
				LD_RUNPATH_SEARCH_PATHS = (
					"$(inherited)",
					"@executable_path/Frameworks",
				);
				MARKETING_VERSION = 1.0;
				PRODUCT_BUNDLE_IDENTIFIER = com.latte.Cleanse;
				PRODUCT_NAME = "$(TARGET_NAME)";
				PROVISIONING_PROFILE_SPECIFIER = "";
				SUPPORTED_PLATFORMS = "iphoneos iphonesimulator";
				SUPPORTS_MACCATALYST = NO;
				SWIFT_EMIT_LOC_STRINGS = YES;
				SWIFT_VERSION = 5.0;
				TARGETED_DEVICE_FAMILY = 1;
			};
			name = Release;
		};
		142AB1462AF71B6000E25BFC /* Debug */ = {
			isa = XCBuildConfiguration;
			buildSettings = {
				ALWAYS_EMBED_SWIFT_STANDARD_LIBRARIES = YES;
				BUNDLE_LOADER = "$(TEST_HOST)";
				"CODE_SIGN_IDENTITY[sdk=macosx*]" = "Apple Development";
				CODE_SIGN_STYLE = Automatic;
				CURRENT_PROJECT_VERSION = 1;
				DEVELOPMENT_TEAM = CS89S3NJDB;
				GENERATE_INFOPLIST_FILE = YES;
				IPHONEOS_DEPLOYMENT_TARGET = 17.0;
				MARKETING_VERSION = 1.0;
				PRODUCT_BUNDLE_IDENTIFIER = com.latte.CleanseTests;
				PRODUCT_NAME = "$(TARGET_NAME)";
				SWIFT_EMIT_LOC_STRINGS = NO;
				SWIFT_VERSION = 5.0;
				TARGETED_DEVICE_FAMILY = "1,2";
				TEST_HOST = "$(BUILT_PRODUCTS_DIR)/Cleanse.app/$(BUNDLE_EXECUTABLE_FOLDER_PATH)/Cleanse";
			};
			name = Debug;
		};
		142AB1472AF71B6000E25BFC /* Release */ = {
			isa = XCBuildConfiguration;
			buildSettings = {
				ALWAYS_EMBED_SWIFT_STANDARD_LIBRARIES = YES;
				BUNDLE_LOADER = "$(TEST_HOST)";
				"CODE_SIGN_IDENTITY[sdk=macosx*]" = "Apple Development";
				CODE_SIGN_STYLE = Automatic;
				CURRENT_PROJECT_VERSION = 1;
				DEVELOPMENT_TEAM = CS89S3NJDB;
				GENERATE_INFOPLIST_FILE = YES;
				IPHONEOS_DEPLOYMENT_TARGET = 17.0;
				MARKETING_VERSION = 1.0;
				PRODUCT_BUNDLE_IDENTIFIER = com.latte.CleanseTests;
				PRODUCT_NAME = "$(TARGET_NAME)";
				SWIFT_EMIT_LOC_STRINGS = NO;
				SWIFT_VERSION = 5.0;
				TARGETED_DEVICE_FAMILY = "1,2";
				TEST_HOST = "$(BUILT_PRODUCTS_DIR)/Cleanse.app/$(BUNDLE_EXECUTABLE_FOLDER_PATH)/Cleanse";
			};
			name = Release;
		};
		142AB1492AF71B6000E25BFC /* Debug */ = {
			isa = XCBuildConfiguration;
			buildSettings = {
				ALWAYS_EMBED_SWIFT_STANDARD_LIBRARIES = YES;
				CODE_SIGN_STYLE = Automatic;
				CURRENT_PROJECT_VERSION = 1;
				DEVELOPMENT_TEAM = CS89S3NJDB;
				GENERATE_INFOPLIST_FILE = YES;
				MARKETING_VERSION = 1.0;
				PRODUCT_BUNDLE_IDENTIFIER = com.latte.CleanseUITests;
				PRODUCT_NAME = "$(TARGET_NAME)";
				SWIFT_EMIT_LOC_STRINGS = NO;
				SWIFT_VERSION = 5.0;
				TARGETED_DEVICE_FAMILY = "1,2";
				TEST_TARGET_NAME = Cleanse;
			};
			name = Debug;
		};
		142AB14A2AF71B6000E25BFC /* Release */ = {
			isa = XCBuildConfiguration;
			buildSettings = {
				ALWAYS_EMBED_SWIFT_STANDARD_LIBRARIES = YES;
				CODE_SIGN_STYLE = Automatic;
				CURRENT_PROJECT_VERSION = 1;
				DEVELOPMENT_TEAM = CS89S3NJDB;
				GENERATE_INFOPLIST_FILE = YES;
				MARKETING_VERSION = 1.0;
				PRODUCT_BUNDLE_IDENTIFIER = com.latte.CleanseUITests;
				PRODUCT_NAME = "$(TARGET_NAME)";
				SWIFT_EMIT_LOC_STRINGS = NO;
				SWIFT_VERSION = 5.0;
				TARGETED_DEVICE_FAMILY = "1,2";
				TEST_TARGET_NAME = Cleanse;
			};
			name = Release;
		};
/* End XCBuildConfiguration section */

/* Begin XCConfigurationList section */
		142AB1172AF71B5C00E25BFC /* Build configuration list for PBXProject "Cleanse" */ = {
			isa = XCConfigurationList;
			buildConfigurations = (
				142AB1402AF71B6000E25BFC /* Debug */,
				142AB1412AF71B6000E25BFC /* Release */,
			);
			defaultConfigurationIsVisible = 0;
			defaultConfigurationName = Release;
		};
		142AB1422AF71B6000E25BFC /* Build configuration list for PBXNativeTarget "Cleanse" */ = {
			isa = XCConfigurationList;
			buildConfigurations = (
				142AB1432AF71B6000E25BFC /* Debug */,
				142AB1442AF71B6000E25BFC /* Release */,
			);
			defaultConfigurationIsVisible = 0;
			defaultConfigurationName = Release;
		};
		142AB1452AF71B6000E25BFC /* Build configuration list for PBXNativeTarget "CleanseTests" */ = {
			isa = XCConfigurationList;
			buildConfigurations = (
				142AB1462AF71B6000E25BFC /* Debug */,
				142AB1472AF71B6000E25BFC /* Release */,
			);
			defaultConfigurationIsVisible = 0;
			defaultConfigurationName = Release;
		};
		142AB1482AF71B6000E25BFC /* Build configuration list for PBXNativeTarget "CleanseUITests" */ = {
			isa = XCConfigurationList;
			buildConfigurations = (
				142AB1492AF71B6000E25BFC /* Debug */,
				142AB14A2AF71B6000E25BFC /* Release */,
			);
			defaultConfigurationIsVisible = 0;
			defaultConfigurationName = Release;
		};
/* End XCConfigurationList section */

/* Begin XCRemoteSwiftPackageReference section */
		143482852AFF3E8B008890F2 /* XCRemoteSwiftPackageReference "supabase-swift" */ = {
			isa = XCRemoteSwiftPackageReference;
			repositoryURL = "https://github.com/supabase-community/supabase-swift.git";
			requirement = {
				kind = upToNextMajorVersion;
				minimumVersion = 0.3.0;
			};
		};
/* End XCRemoteSwiftPackageReference section */

/* Begin XCSwiftPackageProductDependency section */
		143482862AFF3E8B008890F2 /* Supabase */ = {
			isa = XCSwiftPackageProductDependency;
			package = 143482852AFF3E8B008890F2 /* XCRemoteSwiftPackageReference "supabase-swift" */;
			productName = Supabase;
		};
/* End XCSwiftPackageProductDependency section */
	};
	rootObject = 142AB1142AF71B5C00E25BFC /* Project object */;
}
